
Microsoft Visual Studio Solution File, Format Version 12.00
# Visual Studio Version 16
VisualStudioVersion = 16.0.31729.503
MinimumVisualStudioVersion = 10.0.40219.1
Project("{FAE04EC0-301F-11D3-BF4B-00C04F79EFBC}") = "RestSharpTest", "RestSharpTest\RestSharpTest.csproj", "{03AB387E-2331-4CDB-995C-4FA3132CA072}"
EndProject
Global
	GlobalSection(SolutionConfigurationPlatforms) = preSolution
		Debug|Any CPU = Debug|Any CPU
		Release|Any CPU = Release|Any CPU
	EndGlobalSection
	GlobalSection(ProjectConfigurationPlatforms) = postSolution
		{03AB387E-2331-4CDB-995C-4FA3132CA072}.Debug|Any CPU.ActiveCfg = Debug|Any CPU
		{03AB387E-2331-4CDB-995C-4FA3132CA072}.Debug|Any CPU.Build.0 = Debug|Any CPU
		{03AB387E-2331-4CDB-995C-4FA3132CA072}.Release|Any CPU.ActiveCfg = Release|Any CPU
		{03AB387E-2331-4CDB-995C-4FA3132CA072}.Release|Any CPU.Build.0 = Release|Any CPU
	EndGlobalSection
	GlobalSection(SolutionProperties) = preSolution
		HideSolutionNode = FALSE
	EndGlobalSection
	GlobalSection(ExtensibilityGlobals) = postSolution
		SolutionGuid = {313ED2C9-E816-484B-9F42-97BD7BE863B4}
	EndGlobalSection
EndGlobal
